
Microsoft Visual Studio Solution File, Format Version 12.00
# Visual Studio Version 16
VisualStudioVersion = 16.0.29709.97
MinimumVisualStudioVersion = 10.0.40219.1
Project("{F184B08F-C81C-45F6-A57F-5ABD9991F28F}") = "OLEDSim", "OLEDSim.vbproj", "{A6E6BB4E-A92C-430F-A245-189F096CA92E}"
EndProject
Project("{2150E333-8FDC-42A3-9474-1A3956D46DE8}") = "Solution Items", "Solution Items", "{02D92629-35B2-4841-99A5-F03F88287801}"
	ProjectSection(SolutionItems) = preProject
		.editorconfig = .editorconfig
	EndProjectSection
EndProject
Project("{F184B08F-C81C-45F6-A57F-5ABD9991F28F}") = "CmdWindow", "..\CmdWindow\CmdWindow.vbproj", "{8D8B470A-EC08-428D-A6DB-78FBDF4CB46B}"
EndProject
Global
	GlobalSection(SolutionConfigurationPlatforms) = preSolution
		Debug|Any CPU = Debug|Any CPU
		Release|Any CPU = Release|Any CPU
	EndGlobalSection
	GlobalSection(ProjectConfigurationPlatforms) = postSolution
		{A6E6BB4E-A92C-430F-A245-189F096CA92E}.Debug|Any CPU.ActiveCfg = Debug|Any CPU
		{A6E6BB4E-A92C-430F-A245-189F096CA92E}.Debug|Any CPU.Build.0 = Debug|Any CPU
		{A6E6BB4E-A92C-430F-A245-189F096CA92E}.Release|Any CPU.ActiveCfg = Release|Any CPU
		{A6E6BB4E-A92C-430F-A245-189F096CA92E}.Release|Any CPU.Build.0 = Release|Any CPU
		{8D8B470A-EC08-428D-A6DB-78FBDF4CB46B}.Debug|Any CPU.ActiveCfg = Debug|Any CPU
		{8D8B470A-EC08-428D-A6DB-78FBDF4CB46B}.Debug|Any CPU.Build.0 = Debug|Any CPU
		{8D8B470A-EC08-428D-A6DB-78FBDF4CB46B}.Release|Any CPU.ActiveCfg = Release|Any CPU
		{8D8B470A-EC08-428D-A6DB-78FBDF4CB46B}.Release|Any CPU.Build.0 = Release|Any CPU
	EndGlobalSection
	GlobalSection(SolutionProperties) = preSolution
		HideSolutionNode = FALSE
	EndGlobalSection
	GlobalSection(ExtensibilityGlobals) = postSolution
		SolutionGuid = {D90B1CFE-3D11-40A8-B20D-E5AEF5896646}
	EndGlobalSection
EndGlobal
